
Microsoft Visual Studio Solution File, Format Version 12.00
Project("{FAE04EC0-301F-11D3-BF4B-00C04F79EFBC}") = "day-2", "day-2\day-2.csproj", "{240C3EF8-8110-4EE7-9971-E368DA269535}"
EndProject
Project("{FAE04EC0-301F-11D3-BF4B-00C04F79EFBC}") = "day-3", "day-3\day-3.csproj", "{E796B1FF-42FE-41C6-A449-1A9A9984E3F3}"
EndProject
Project("{FAE04EC0-301F-11D3-BF4B-00C04F79EFBC}") = "day-1", "day-1\day-1.csproj", "{8337F7DD-D91C-4DD8-9BB8-E40F30108469}"
EndProject
Project("{FAE04EC0-301F-11D3-BF4B-00C04F79EFBC}") = "day-4", "day-4\day-4.csproj", "{EC0D37F8-ABEA-450A-A861-F36B7645F750}"
EndProject
Project("{FAE04EC0-301F-11D3-BF4B-00C04F79EFBC}") = "day-5", "day-5\day-5.csproj", "{97C3042B-C2E5-404F-BCA0-9E4161CC5FD1}"
EndProject
Global
	GlobalSection(SolutionConfigurationPlatforms) = preSolution
		Debug|Any CPU = Debug|Any CPU
		Release|Any CPU = Release|Any CPU
	EndGlobalSection
	GlobalSection(ProjectConfigurationPlatforms) = postSolution
		{240C3EF8-8110-4EE7-9971-E368DA269535}.Debug|Any CPU.ActiveCfg = Debug|Any CPU
		{240C3EF8-8110-4EE7-9971-E368DA269535}.Debug|Any CPU.Build.0 = Debug|Any CPU
		{240C3EF8-8110-4EE7-9971-E368DA269535}.Release|Any CPU.ActiveCfg = Release|Any CPU
		{240C3EF8-8110-4EE7-9971-E368DA269535}.Release|Any CPU.Build.0 = Release|Any CPU
		{E796B1FF-42FE-41C6-A449-1A9A9984E3F3}.Debug|Any CPU.ActiveCfg = Debug|Any CPU
		{E796B1FF-42FE-41C6-A449-1A9A9984E3F3}.Debug|Any CPU.Build.0 = Debug|Any CPU
		{E796B1FF-42FE-41C6-A449-1A9A9984E3F3}.Release|Any CPU.ActiveCfg = Release|Any CPU
		{E796B1FF-42FE-41C6-A449-1A9A9984E3F3}.Release|Any CPU.Build.0 = Release|Any CPU
		{8337F7DD-D91C-4DD8-9BB8-E40F30108469}.Debug|Any CPU.ActiveCfg = Debug|Any CPU
		{8337F7DD-D91C-4DD8-9BB8-E40F30108469}.Debug|Any CPU.Build.0 = Debug|Any CPU
		{8337F7DD-D91C-4DD8-9BB8-E40F30108469}.Release|Any CPU.ActiveCfg = Release|Any CPU
		{8337F7DD-D91C-4DD8-9BB8-E40F30108469}.Release|Any CPU.Build.0 = Release|Any CPU
		{EC0D37F8-ABEA-450A-A861-F36B7645F750}.Debug|Any CPU.ActiveCfg = Debug|Any CPU
		{EC0D37F8-ABEA-450A-A861-F36B7645F750}.Debug|Any CPU.Build.0 = Debug|Any CPU
		{EC0D37F8-ABEA-450A-A861-F36B7645F750}.Release|Any CPU.ActiveCfg = Release|Any CPU
		{EC0D37F8-ABEA-450A-A861-F36B7645F750}.Release|Any CPU.Build.0 = Release|Any CPU
		{97C3042B-C2E5-404F-BCA0-9E4161CC5FD1}.Debug|Any CPU.ActiveCfg = Debug|Any CPU
		{97C3042B-C2E5-404F-BCA0-9E4161CC5FD1}.Debug|Any CPU.Build.0 = Debug|Any CPU
		{97C3042B-C2E5-404F-BCA0-9E4161CC5FD1}.Release|Any CPU.ActiveCfg = Release|Any CPU
		{97C3042B-C2E5-404F-BCA0-9E4161CC5FD1}.Release|Any CPU.Build.0 = Release|Any CPU
	EndGlobalSection
EndGlobal
